{
	"name": "@tstibbs/home-alarm-notifier-edge",
	"lockfileVersion": 2,
	"requires": true,
	"packages": {
		"": {
			"name": "@tstibbs/home-alarm-notifier-edge",
			"dependencies": {
				"@tstibbs/cloud-core-edge-utils": "file:../../../cloud-core/edge/iot"
			},
			"engines": {
				"node": ">=16",
				"npm": ">=8"
			}
		},
		"../../../cloud-core/edge/iot": {
			"name": "@tstibbs/cloud-core-edge-utils",
			"version": "0.0.1",
			"dependencies": {
				"aws-iot-device-sdk": "^2.2.12",
				"dotenv": "^16.0.1"
			},
			"engines": {
				"node": ">=16",
				"npm": ">=8"
			}
		},
		"node_modules/@tstibbs/cloud-core-edge-utils": {
			"resolved": "../../../cloud-core/edge/iot",
			"link": true
		}
	},
	"dependencies": {
		"@tstibbs/cloud-core-edge-utils": {
			"version": "file:../../../cloud-core/edge/iot",
			"requires": {
				"aws-iot-device-sdk": "^2.2.12",
				"dotenv": "^16.0.1"
			}
		}
	}
}
